{
  "version": 4,
  "terraform_version": "1.9.8",
  "serial": 9,
  "lineage": "1ddb4e1d-4d7a-4801-050b-7ad7e36936f0",
  "outputs": {
    "repository_url": {
      "value": "https://github.com/eeetaF/S24-devops-labs",
      "type": "string"
    }
  },
  "resources": [
    {
      "mode": "managed",
      "type": "github_repository",
      "name": "s24_devops_labs",
      "provider": "provider[\"registry.terraform.io/integrations/github\"]",
      "instances": [
        {
          "schema_version": 1,
          "attributes": {
            "allow_auto_merge": false,
            "allow_merge_commit": true,
            "allow_rebase_merge": true,
            "allow_squash_merge": true,
            "allow_update_branch": false,
            "archive_on_destroy": null,
            "archived": false,
            "auto_init": false,
            "default_branch": "main",
            "delete_branch_on_merge": false,
            "description": "",
            "etag": "W/\"2ad675f00eb854248af66907feea2e893d80c5052b74a850c91a90ee6eeab17d\"",
            "full_name": "eeetaF/S24-devops-labs",
            "git_clone_url": "git://github.com/eeetaF/S24-devops-labs.git",
            "gitignore_template": null,
            "has_discussions": false,
            "has_downloads": true,
            "has_issues": false,
            "has_projects": true,
            "has_wiki": true,
            "homepage_url": "",
            "html_url": "https://github.com/eeetaF/S24-devops-labs",
            "http_clone_url": "https://github.com/eeetaF/S24-devops-labs.git",
            "id": "S24-devops-labs",
            "ignore_vulnerability_alerts_during_read": null,
            "is_template": false,
            "license_template": null,
            "merge_commit_message": "PR_TITLE",
            "merge_commit_title": "MERGE_MESSAGE",
            "name": "S24-devops-labs",
            "node_id": "R_kgDONMu_mA",
            "pages": [],
            "primary_language": "Python",
            "private": false,
            "repo_id": 885768088,
            "security_and_analysis": [
              {
                "advanced_security": [],
                "secret_scanning": [
                  {
                    "status": "enabled"
                  }
                ],
                "secret_scanning_push_protection": [
                  {
                    "status": "enabled"
                  }
                ]
              }
            ],
            "squash_merge_commit_message": "COMMIT_MESSAGES",
            "squash_merge_commit_title": "COMMIT_OR_PR_TITLE",
            "ssh_clone_url": "git@github.com:eeetaF/S24-devops-labs.git",
            "svn_url": "https://github.com/eeetaF/S24-devops-labs",
            "template": [],
            "topics": [],
            "visibility": "public",
            "vulnerability_alerts": false,
            "web_commit_signoff_required": false
          },
          "sensitive_attributes": [],
          "private": "eyJzY2hlbWFfdmVyc2lvbiI6IjEifQ=="
        }
      ]
    }
  ],
  "check_results": null
}
